
Microsoft Visual Studio Solution File, Format Version 12.00
# Visual Studio Version 17
VisualStudioVersion = 17.1.32328.378
MinimumVisualStudioVersion = 10.0.40219.1
Project("{FAE04EC0-301F-11D3-BF4B-00C04F79EFBC}") = "Notes.Identity", "Notes.Identity\Notes.Identity.csproj", "{F4F3140E-92CE-48EC-AF5E-6A8FDE2A6D73}"
EndProject
Global
	GlobalSection(SolutionConfigurationPlatforms) = preSolution
		Debug|Any CPU = Debug|Any CPU
		Release|Any CPU = Release|Any CPU
	EndGlobalSection
	GlobalSection(ProjectConfigurationPlatforms) = postSolution
		{F4F3140E-92CE-48EC-AF5E-6A8FDE2A6D73}.Debug|Any CPU.ActiveCfg = Debug|Any CPU
		{F4F3140E-92CE-48EC-AF5E-6A8FDE2A6D73}.Debug|Any CPU.Build.0 = Debug|Any CPU
		{F4F3140E-92CE-48EC-AF5E-6A8FDE2A6D73}.Release|Any CPU.ActiveCfg = Release|Any CPU
		{F4F3140E-92CE-48EC-AF5E-6A8FDE2A6D73}.Release|Any CPU.Build.0 = Release|Any CPU
	EndGlobalSection
	GlobalSection(SolutionProperties) = preSolution
		HideSolutionNode = FALSE
	EndGlobalSection
	GlobalSection(ExtensibilityGlobals) = postSolution
		SolutionGuid = {4BAF20B1-6A57-4BA6-8BA6-333F428244BB}
	EndGlobalSection
EndGlobal
